
Microsoft Visual Studio Solution File, Format Version 12.00
Project("{FAE04EC0-301F-11D3-BF4B-00C04F79EFBC}") = "Persistence", "Persistence\Persistence.csproj", "{80BAAD72-141D-44E5-B3D5-25FF6EE332E3}"
EndProject
Project("{FAE04EC0-301F-11D3-BF4B-00C04F79EFBC}") = "Domain", "Domain\Domain.csproj", "{ADC5C493-9D46-4ED8-A587-8FB0DEF67022}"
EndProject
Global
	GlobalSection(SolutionConfigurationPlatforms) = preSolution
		Debug|Any CPU = Debug|Any CPU
		Release|Any CPU = Release|Any CPU
	EndGlobalSection
	GlobalSection(ProjectConfigurationPlatforms) = postSolution
		{80BAAD72-141D-44E5-B3D5-25FF6EE332E3}.Debug|Any CPU.ActiveCfg = Debug|Any CPU
		{80BAAD72-141D-44E5-B3D5-25FF6EE332E3}.Debug|Any CPU.Build.0 = Debug|Any CPU
		{80BAAD72-141D-44E5-B3D5-25FF6EE332E3}.Release|Any CPU.ActiveCfg = Release|Any CPU
		{80BAAD72-141D-44E5-B3D5-25FF6EE332E3}.Release|Any CPU.Build.0 = Release|Any CPU
		{ADC5C493-9D46-4ED8-A587-8FB0DEF67022}.Debug|Any CPU.ActiveCfg = Debug|Any CPU
		{ADC5C493-9D46-4ED8-A587-8FB0DEF67022}.Debug|Any CPU.Build.0 = Debug|Any CPU
		{ADC5C493-9D46-4ED8-A587-8FB0DEF67022}.Release|Any CPU.ActiveCfg = Release|Any CPU
		{ADC5C493-9D46-4ED8-A587-8FB0DEF67022}.Release|Any CPU.Build.0 = Release|Any CPU
	EndGlobalSection
EndGlobal
